
Microsoft Visual Studio Solution File, Format Version 12.00
# Visual Studio Version 16
VisualStudioVersion = 16.0.31729.503
MinimumVisualStudioVersion = 10.0.40219.1
Project("{FAE04EC0-301F-11D3-BF4B-00C04F79EFBC}") = "GetUserConten.Console", "GetUserConten.Console\GetUserConten.Console.csproj", "{A4622A9B-C49E-45FE-B553-2F66670AE9E6}"
EndProject
Project("{FAE04EC0-301F-11D3-BF4B-00C04F79EFBC}") = "GetUserConten.Core", "GetUserConten.Core\GetUserConten.Core.csproj", "{446E0618-9699-47AC-A612-6A908435AD15}"
EndProject
Project("{FAE04EC0-301F-11D3-BF4B-00C04F79EFBC}") = "GetUserConten.BL", "GetUserConten.BL\GetUserConten.BL.csproj", "{C54C21B2-BCC3-484A-8355-87BF51B70433}"
EndProject
Global
	GlobalSection(SolutionConfigurationPlatforms) = preSolution
		Debug|Any CPU = Debug|Any CPU
		Release|Any CPU = Release|Any CPU
	EndGlobalSection
	GlobalSection(ProjectConfigurationPlatforms) = postSolution
		{A4622A9B-C49E-45FE-B553-2F66670AE9E6}.Debug|Any CPU.ActiveCfg = Debug|Any CPU
		{A4622A9B-C49E-45FE-B553-2F66670AE9E6}.Debug|Any CPU.Build.0 = Debug|Any CPU
		{A4622A9B-C49E-45FE-B553-2F66670AE9E6}.Release|Any CPU.ActiveCfg = Release|Any CPU
		{A4622A9B-C49E-45FE-B553-2F66670AE9E6}.Release|Any CPU.Build.0 = Release|Any CPU
		{446E0618-9699-47AC-A612-6A908435AD15}.Debug|Any CPU.ActiveCfg = Debug|Any CPU
		{446E0618-9699-47AC-A612-6A908435AD15}.Debug|Any CPU.Build.0 = Debug|Any CPU
		{446E0618-9699-47AC-A612-6A908435AD15}.Release|Any CPU.ActiveCfg = Release|Any CPU
		{446E0618-9699-47AC-A612-6A908435AD15}.Release|Any CPU.Build.0 = Release|Any CPU
		{C54C21B2-BCC3-484A-8355-87BF51B70433}.Debug|Any CPU.ActiveCfg = Debug|Any CPU
		{C54C21B2-BCC3-484A-8355-87BF51B70433}.Debug|Any CPU.Build.0 = Debug|Any CPU
		{C54C21B2-BCC3-484A-8355-87BF51B70433}.Release|Any CPU.ActiveCfg = Release|Any CPU
		{C54C21B2-BCC3-484A-8355-87BF51B70433}.Release|Any CPU.Build.0 = Release|Any CPU
	EndGlobalSection
	GlobalSection(SolutionProperties) = preSolution
		HideSolutionNode = FALSE
	EndGlobalSection
	GlobalSection(ExtensibilityGlobals) = postSolution
		SolutionGuid = {66F5CD26-8E35-42BB-945B-E401222FECBD}
	EndGlobalSection
EndGlobal
